
Microsoft Visual Studio Solution File, Format Version 12.00
# Visual Studio 15
VisualStudioVersion = 15.0.28307.168
MinimumVisualStudioVersion = 10.0.40219.1
Project("{FAE04EC0-301F-11D3-BF4B-00C04F79EFBC}") = "CSharpAwsS3ServiceManager", "CSharpAwsS3ServiceManager\CSharpAwsS3ServiceManager.csproj", "{8D5425A1-AB38-48AD-B448-F8C2BDE3F285}"
EndProject
Global
	GlobalSection(SolutionConfigurationPlatforms) = preSolution
		Debug|Any CPU = Debug|Any CPU
		Release|Any CPU = Release|Any CPU
	EndGlobalSection
	GlobalSection(ProjectConfigurationPlatforms) = postSolution
		{8D5425A1-AB38-48AD-B448-F8C2BDE3F285}.Debug|Any CPU.ActiveCfg = Debug|Any CPU
		{8D5425A1-AB38-48AD-B448-F8C2BDE3F285}.Debug|Any CPU.Build.0 = Debug|Any CPU
		{8D5425A1-AB38-48AD-B448-F8C2BDE3F285}.Release|Any CPU.ActiveCfg = Release|Any CPU
		{8D5425A1-AB38-48AD-B448-F8C2BDE3F285}.Release|Any CPU.Build.0 = Release|Any CPU
	EndGlobalSection
	GlobalSection(SolutionProperties) = preSolution
		HideSolutionNode = FALSE
	EndGlobalSection
	GlobalSection(ExtensibilityGlobals) = postSolution
		SolutionGuid = {44D2C2BB-9CA4-47E3-862C-9CBD4554F44D}
	EndGlobalSection
EndGlobal
